
Microsoft Visual Studio Solution File, Format Version 12.00
# Visual Studio 15
VisualStudioVersion = 15.0.27130.2010
MinimumVisualStudioVersion = 10.0.40219.1
Project("{FAE04EC0-301F-11D3-BF4B-00C04F79EFBC}") = "VSTiBox", "VSTiBox\VSTiBox.csproj", "{0A704654-566E-40B4-A430-A0B27E61F20F}"
EndProject
Project("{8BC9CEB8-8B4A-11D0-8D11-00A0C91BC942}") = "Bluewave.Interop.Asio", "BlueWave.Interop.Asio\Bluewave.Interop.Asio.vcxproj", "{6DB00BA8-EFDE-4D3A-8983-F01857A36C1A}"
EndProject
Project("{FAE04EC0-301F-11D3-BF4B-00C04F79EFBC}") = "OpenHardwareMonitorLib", "OpenHardwareMonitor\OpenHardwareMonitorLib.csproj", "{B0397530-545A-471D-BB74-027AE456DF1A}"
EndProject
Project("{F184B08F-C81C-45F6-A57F-5ABD9991F28F}") = "PDFView", "PDFView\PDFView.vbproj", "{170D7D1B-61B9-4E8B-9CD3-88350725379F}"
EndProject
Project("{FAE04EC0-301F-11D3-BF4B-00C04F79EFBC}") = "Kernel32Midi", "Kernel32Midi\Kernel32Midi.csproj", "{B0D198D9-A4C5-4CA8-ACAC-8418143C7821}"
EndProject
Project("{8BC9CEB8-8B4A-11D0-8D11-00A0C91BC942}") = "DirectMidi.Interop", "DirectMidi.Interop\DirectMidi.Interop.vcxproj", "{0DD431AD-673B-438A-9A79-33D250F19BEE}"
EndProject
Project("{FAE04EC0-301F-11D3-BF4B-00C04F79EFBC}") = "Midi", "Midi\Midi.csproj", "{F60D8B7B-2D2E-4B94-A736-3783FFE1A25C}"
EndProject
Global
	GlobalSection(SolutionConfigurationPlatforms) = preSolution
		Debug|Any CPU = Debug|Any CPU
		Debug|Mixed Platforms = Debug|Mixed Platforms
		Debug|Win32 = Debug|Win32
		Debug|x64 = Debug|x64
		Debug|x86 = Debug|x86
		Release|Any CPU = Release|Any CPU
		Release|Mixed Platforms = Release|Mixed Platforms
		Release|Win32 = Release|Win32
		Release|x64 = Release|x64
		Release|x86 = Release|x86
	EndGlobalSection
	GlobalSection(ProjectConfigurationPlatforms) = postSolution
		{0A704654-566E-40B4-A430-A0B27E61F20F}.Debug|Any CPU.ActiveCfg = Debug|Any CPU
		{0A704654-566E-40B4-A430-A0B27E61F20F}.Debug|Any CPU.Build.0 = Debug|Any CPU
		{0A704654-566E-40B4-A430-A0B27E61F20F}.Debug|Mixed Platforms.ActiveCfg = Debug|Any CPU
		{0A704654-566E-40B4-A430-A0B27E61F20F}.Debug|Mixed Platforms.Build.0 = Debug|Any CPU
		{0A704654-566E-40B4-A430-A0B27E61F20F}.Debug|Win32.ActiveCfg = Debug|Any CPU
		{0A704654-566E-40B4-A430-A0B27E61F20F}.Debug|x64.ActiveCfg = Debug|Any CPU
		{0A704654-566E-40B4-A430-A0B27E61F20F}.Debug|x86.ActiveCfg = Debug|Any CPU
		{0A704654-566E-40B4-A430-A0B27E61F20F}.Release|Any CPU.ActiveCfg = Release|Any CPU
		{0A704654-566E-40B4-A430-A0B27E61F20F}.Release|Any CPU.Build.0 = Release|Any CPU
		{0A704654-566E-40B4-A430-A0B27E61F20F}.Release|Mixed Platforms.ActiveCfg = Release|Any CPU
		{0A704654-566E-40B4-A430-A0B27E61F20F}.Release|Mixed Platforms.Build.0 = Release|Any CPU
		{0A704654-566E-40B4-A430-A0B27E61F20F}.Release|Win32.ActiveCfg = Release|Any CPU
		{0A704654-566E-40B4-A430-A0B27E61F20F}.Release|x64.ActiveCfg = Release|Any CPU
		{0A704654-566E-40B4-A430-A0B27E61F20F}.Release|x86.ActiveCfg = Release|Any CPU
		{6DB00BA8-EFDE-4D3A-8983-F01857A36C1A}.Debug|Any CPU.ActiveCfg = Debug|Win32
		{6DB00BA8-EFDE-4D3A-8983-F01857A36C1A}.Debug|Mixed Platforms.ActiveCfg = Debug|Win32
		{6DB00BA8-EFDE-4D3A-8983-F01857A36C1A}.Debug|Mixed Platforms.Build.0 = Debug|Win32
		{6DB00BA8-EFDE-4D3A-8983-F01857A36C1A}.Debug|Win32.ActiveCfg = Debug|Win32
		{6DB00BA8-EFDE-4D3A-8983-F01857A36C1A}.Debug|Win32.Build.0 = Debug|Win32
		{6DB00BA8-EFDE-4D3A-8983-F01857A36C1A}.Debug|x64.ActiveCfg = Debug|Win32
		{6DB00BA8-EFDE-4D3A-8983-F01857A36C1A}.Debug|x86.ActiveCfg = Debug|Win32
		{6DB00BA8-EFDE-4D3A-8983-F01857A36C1A}.Release|Any CPU.ActiveCfg = Release|Win32
		{6DB00BA8-EFDE-4D3A-8983-F01857A36C1A}.Release|Mixed Platforms.ActiveCfg = Release|Win32
		{6DB00BA8-EFDE-4D3A-8983-F01857A36C1A}.Release|Mixed Platforms.Build.0 = Release|Win32
		{6DB00BA8-EFDE-4D3A-8983-F01857A36C1A}.Release|Win32.ActiveCfg = Release|Win32
		{6DB00BA8-EFDE-4D3A-8983-F01857A36C1A}.Release|Win32.Build.0 = Release|Win32
		{6DB00BA8-EFDE-4D3A-8983-F01857A36C1A}.Release|x64.ActiveCfg = Release|Win32
		{6DB00BA8-EFDE-4D3A-8983-F01857A36C1A}.Release|x86.ActiveCfg = Release|Win32
		{B0397530-545A-471D-BB74-027AE456DF1A}.Debug|Any CPU.ActiveCfg = Debug|Any CPU
		{B0397530-545A-471D-BB74-027AE456DF1A}.Debug|Any CPU.Build.0 = Debug|Any CPU
		{B0397530-545A-471D-BB74-027AE456DF1A}.Debug|Mixed Platforms.ActiveCfg = Debug|Any CPU
		{B0397530-545A-471D-BB74-027AE456DF1A}.Debug|Mixed Platforms.Build.0 = Debug|Any CPU
		{B0397530-545A-471D-BB74-027AE456DF1A}.Debug|Win32.ActiveCfg = Debug|Any CPU
		{B0397530-545A-471D-BB74-027AE456DF1A}.Debug|x64.ActiveCfg = Debug|Any CPU
		{B0397530-545A-471D-BB74-027AE456DF1A}.Debug|x86.ActiveCfg = Debug|Any CPU
		{B0397530-545A-471D-BB74-027AE456DF1A}.Release|Any CPU.ActiveCfg = Release|Any CPU
		{B0397530-545A-471D-BB74-027AE456DF1A}.Release|Any CPU.Build.0 = Release|Any CPU
		{B0397530-545A-471D-BB74-027AE456DF1A}.Release|Mixed Platforms.ActiveCfg = Release|Any CPU
		{B0397530-545A-471D-BB74-027AE456DF1A}.Release|Mixed Platforms.Build.0 = Release|Any CPU
		{B0397530-545A-471D-BB74-027AE456DF1A}.Release|Win32.ActiveCfg = Release|Any CPU
		{B0397530-545A-471D-BB74-027AE456DF1A}.Release|x64.ActiveCfg = Release|Any CPU
		{B0397530-545A-471D-BB74-027AE456DF1A}.Release|x86.ActiveCfg = Release|Any CPU
		{170D7D1B-61B9-4E8B-9CD3-88350725379F}.Debug|Any CPU.ActiveCfg = Debug|Any CPU
		{170D7D1B-61B9-4E8B-9CD3-88350725379F}.Debug|Any CPU.Build.0 = Debug|Any CPU
		{170D7D1B-61B9-4E8B-9CD3-88350725379F}.Debug|Mixed Platforms.ActiveCfg = Debug|Any CPU
		{170D7D1B-61B9-4E8B-9CD3-88350725379F}.Debug|Mixed Platforms.Build.0 = Debug|Any CPU
		{170D7D1B-61B9-4E8B-9CD3-88350725379F}.Debug|Win32.ActiveCfg = Debug|Any CPU
		{170D7D1B-61B9-4E8B-9CD3-88350725379F}.Debug|x64.ActiveCfg = Debug|Any CPU
		{170D7D1B-61B9-4E8B-9CD3-88350725379F}.Debug|x86.ActiveCfg = Debug|Any CPU
		{170D7D1B-61B9-4E8B-9CD3-88350725379F}.Release|Any CPU.ActiveCfg = Release|Any CPU
		{170D7D1B-61B9-4E8B-9CD3-88350725379F}.Release|Any CPU.Build.0 = Release|Any CPU
		{170D7D1B-61B9-4E8B-9CD3-88350725379F}.Release|Mixed Platforms.ActiveCfg = Release|Any CPU
		{170D7D1B-61B9-4E8B-9CD3-88350725379F}.Release|Mixed Platforms.Build.0 = Release|Any CPU
		{170D7D1B-61B9-4E8B-9CD3-88350725379F}.Release|Win32.ActiveCfg = Release|Any CPU
		{170D7D1B-61B9-4E8B-9CD3-88350725379F}.Release|x64.ActiveCfg = Release|Any CPU
		{170D7D1B-61B9-4E8B-9CD3-88350725379F}.Release|x86.ActiveCfg = Release|Any CPU
		{B0D198D9-A4C5-4CA8-ACAC-8418143C7821}.Debug|Any CPU.ActiveCfg = Debug|Any CPU
		{B0D198D9-A4C5-4CA8-ACAC-8418143C7821}.Debug|Any CPU.Build.0 = Debug|Any CPU
		{B0D198D9-A4C5-4CA8-ACAC-8418143C7821}.Debug|Mixed Platforms.ActiveCfg = Debug|Any CPU
		{B0D198D9-A4C5-4CA8-ACAC-8418143C7821}.Debug|Mixed Platforms.Build.0 = Debug|Any CPU
		{B0D198D9-A4C5-4CA8-ACAC-8418143C7821}.Debug|Win32.ActiveCfg = Debug|Any CPU
		{B0D198D9-A4C5-4CA8-ACAC-8418143C7821}.Debug|x64.ActiveCfg = Debug|Any CPU
		{B0D198D9-A4C5-4CA8-ACAC-8418143C7821}.Debug|x86.ActiveCfg = Debug|Any CPU
		{B0D198D9-A4C5-4CA8-ACAC-8418143C7821}.Release|Any CPU.ActiveCfg = Release|Any CPU
		{B0D198D9-A4C5-4CA8-ACAC-8418143C7821}.Release|Any CPU.Build.0 = Release|Any CPU
		{B0D198D9-A4C5-4CA8-ACAC-8418143C7821}.Release|Mixed Platforms.ActiveCfg = Release|Any CPU
		{B0D198D9-A4C5-4CA8-ACAC-8418143C7821}.Release|Mixed Platforms.Build.0 = Release|Any CPU
		{B0D198D9-A4C5-4CA8-ACAC-8418143C7821}.Release|Win32.ActiveCfg = Release|Any CPU
		{B0D198D9-A4C5-4CA8-ACAC-8418143C7821}.Release|x64.ActiveCfg = Release|Any CPU
		{B0D198D9-A4C5-4CA8-ACAC-8418143C7821}.Release|x86.ActiveCfg = Release|Any CPU
		{0DD431AD-673B-438A-9A79-33D250F19BEE}.Debug|Any CPU.ActiveCfg = Debug|Win32
		{0DD431AD-673B-438A-9A79-33D250F19BEE}.Debug|Mixed Platforms.ActiveCfg = Debug|Win32
		{0DD431AD-673B-438A-9A79-33D250F19BEE}.Debug|Mixed Platforms.Build.0 = Debug|Win32
		{0DD431AD-673B-438A-9A79-33D250F19BEE}.Debug|Win32.ActiveCfg = Debug|Win32
		{0DD431AD-673B-438A-9A79-33D250F19BEE}.Debug|Win32.Build.0 = Debug|Win32
		{0DD431AD-673B-438A-9A79-33D250F19BEE}.Debug|x64.ActiveCfg = Debug|Win32
		{0DD431AD-673B-438A-9A79-33D250F19BEE}.Debug|x86.ActiveCfg = Debug|Win32
		{0DD431AD-673B-438A-9A79-33D250F19BEE}.Debug|x86.Build.0 = Debug|Win32
		{0DD431AD-673B-438A-9A79-33D250F19BEE}.Release|Any CPU.ActiveCfg = Release|Win32
		{0DD431AD-673B-438A-9A79-33D250F19BEE}.Release|Mixed Platforms.ActiveCfg = Release|Win32
		{0DD431AD-673B-438A-9A79-33D250F19BEE}.Release|Mixed Platforms.Build.0 = Release|Win32
		{0DD431AD-673B-438A-9A79-33D250F19BEE}.Release|Win32.ActiveCfg = Release|Win32
		{0DD431AD-673B-438A-9A79-33D250F19BEE}.Release|Win32.Build.0 = Release|Win32
		{0DD431AD-673B-438A-9A79-33D250F19BEE}.Release|x64.ActiveCfg = Release|Win32
		{0DD431AD-673B-438A-9A79-33D250F19BEE}.Release|x86.ActiveCfg = Release|Win32
		{0DD431AD-673B-438A-9A79-33D250F19BEE}.Release|x86.Build.0 = Release|Win32
		{F60D8B7B-2D2E-4B94-A736-3783FFE1A25C}.Debug|Any CPU.ActiveCfg = Debug|Any CPU
		{F60D8B7B-2D2E-4B94-A736-3783FFE1A25C}.Debug|Any CPU.Build.0 = Debug|Any CPU
		{F60D8B7B-2D2E-4B94-A736-3783FFE1A25C}.Debug|Mixed Platforms.ActiveCfg = Debug|Any CPU
		{F60D8B7B-2D2E-4B94-A736-3783FFE1A25C}.Debug|Mixed Platforms.Build.0 = Debug|Any CPU
		{F60D8B7B-2D2E-4B94-A736-3783FFE1A25C}.Debug|Win32.ActiveCfg = Debug|Any CPU
		{F60D8B7B-2D2E-4B94-A736-3783FFE1A25C}.Debug|Win32.Build.0 = Debug|Any CPU
		{F60D8B7B-2D2E-4B94-A736-3783FFE1A25C}.Debug|x64.ActiveCfg = Debug|Any CPU
		{F60D8B7B-2D2E-4B94-A736-3783FFE1A25C}.Debug|x64.Build.0 = Debug|Any CPU
		{F60D8B7B-2D2E-4B94-A736-3783FFE1A25C}.Debug|x86.ActiveCfg = Debug|Any CPU
		{F60D8B7B-2D2E-4B94-A736-3783FFE1A25C}.Debug|x86.Build.0 = Debug|Any CPU
		{F60D8B7B-2D2E-4B94-A736-3783FFE1A25C}.Release|Any CPU.ActiveCfg = Release|Any CPU
		{F60D8B7B-2D2E-4B94-A736-3783FFE1A25C}.Release|Any CPU.Build.0 = Release|Any CPU
		{F60D8B7B-2D2E-4B94-A736-3783FFE1A25C}.Release|Mixed Platforms.ActiveCfg = Release|Any CPU
		{F60D8B7B-2D2E-4B94-A736-3783FFE1A25C}.Release|Mixed Platforms.Build.0 = Release|Any CPU
		{F60D8B7B-2D2E-4B94-A736-3783FFE1A25C}.Release|Win32.ActiveCfg = Release|Any CPU
		{F60D8B7B-2D2E-4B94-A736-3783FFE1A25C}.Release|Win32.Build.0 = Release|Any CPU
		{F60D8B7B-2D2E-4B94-A736-3783FFE1A25C}.Release|x64.ActiveCfg = Release|Any CPU
		{F60D8B7B-2D2E-4B94-A736-3783FFE1A25C}.Release|x64.Build.0 = Release|Any CPU
		{F60D8B7B-2D2E-4B94-A736-3783FFE1A25C}.Release|x86.ActiveCfg = Release|Any CPU
		{F60D8B7B-2D2E-4B94-A736-3783FFE1A25C}.Release|x86.Build.0 = Release|Any CPU
	EndGlobalSection
	GlobalSection(SolutionProperties) = preSolution
		HideSolutionNode = FALSE
	EndGlobalSection
	GlobalSection(ExtensibilityGlobals) = postSolution
		SolutionGuid = {2B863B61-3F9E-4C4E-9523-F23035A8D05A}
	EndGlobalSection
EndGlobal
